{
  "pins" : [
    {
      "identity" : "anycodable",
      "kind" : "remoteSourceControl",
      "location" : "https://github.com/Flight-School/AnyCodable",
      "state" : {
        "revision" : "862808b2070cd908cb04f9aafe7de83d35f81b05",
        "version" : "0.6.7"
      }
    },
    {
      "identity" : "basistheory-ios",
      "kind" : "remoteSourceControl",
      "location" : "https://github.com/Basis-Theory/basistheory-ios",
      "state" : {
        "revision" : "c18f90cc2ade32d8d6871f7d862f50c130db3045",
        "version" : "2.0.1"
      }
    },
    {
      "identity" : "basistheory-swift",
      "kind" : "remoteSourceControl",
      "location" : "https://github.com/Basis-Theory/basistheory-swift",
      "state" : {
        "revision" : "bf18937db09350893f02fd853b50ffd873dd4559",
        "version" : "0.6.1"
      }
    },
    {
      "identity" : "dd-sdk-ios",
      "kind" : "remoteSourceControl",
      "location" : "https://github.com/Datadog/dd-sdk-ios.git",
      "state" : {
        "revision" : "6418c623b0a91b9ac7a9d91c1c61ccc0aa2bf668",
        "version" : "1.16.0"
      }
    },
    {
      "identity" : "plcrashreporter",
      "kind" : "remoteSourceControl",
      "location" : "https://github.com/microsoft/plcrashreporter.git",
      "state" : {
        "revision" : "b1a342da19ed9b3af61ea2efa7656c2af30aeb7c",
        "version" : "1.11.0"
      }
    }
  ],
  "version" : 2
}
